
Microsoft Visual Studio Solution File, Format Version 12.00
# Visual Studio 14
VisualStudioVersion = 14.0.24720.0
MinimumVisualStudioVersion = 10.0.40219.1
Project("{FAE04EC0-301F-11D3-BF4B-00C04F79EFBC}") = "05. PrintMyName", "05. PrintMyName\05. PrintMyName.csproj", "{23AE99B2-B4E2-468B-AC51-C0BB73BF5DAA}"
EndProject
Project("{FAE04EC0-301F-11D3-BF4B-00C04F79EFBC}") = "06. PrintNumbers", "PrintNumbers\06. PrintNumbers.csproj", "{ADBDC74E-C95D-458F-8811-D81CC254A81F}"
EndProject
Project("{FAE04EC0-301F-11D3-BF4B-00C04F79EFBC}") = "07. FirstAndLastName", "07. First And Last Name\07. FirstAndLastName.csproj", "{39AEA2AB-F485-477B-917B-676061B37E86}"
EndProject
Project("{FAE04EC0-301F-11D3-BF4B-00C04F79EFBC}") = "08. SquareRoot", "08. SquareRoot\08. SquareRoot.csproj", "{4966BC99-EEE3-46DE-9B37-36A6E2FA9EFB}"
EndProject
Project("{FAE04EC0-301F-11D3-BF4B-00C04F79EFBC}") = "09. PrintSequence", "09. PrintSequence\09. PrintSequence.csproj", "{A73331E9-21B5-4EB8-8A61-281B0FA5C054}"
EndProject
Project("{FAE04EC0-301F-11D3-BF4B-00C04F79EFBC}") = "10. FormatCode", "10. FormatCode\10. FormatCode.csproj", "{1C02A05D-8EED-449F-B241-AE4361DE05A9}"
EndProject
Project("{FAE04EC0-301F-11D3-BF4B-00C04F79EFBC}") = "14. CurrentDateAndTime", "14. CurrentDateAndTime\14. CurrentDateAndTime.csproj", "{E25A3CBB-30C9-44A0-B71A-4ED1239398D6}"
EndProject
Project("{FAE04EC0-301F-11D3-BF4B-00C04F79EFBC}") = "15. Age", "15. Age\15. Age.csproj", "{EA3ED87D-1F08-4EED-B8CB-8B5740FF566F}"
EndProject
Global
	GlobalSection(SolutionConfigurationPlatforms) = preSolution
		Debug|Any CPU = Debug|Any CPU
		Release|Any CPU = Release|Any CPU
	EndGlobalSection
	GlobalSection(ProjectConfigurationPlatforms) = postSolution
		{23AE99B2-B4E2-468B-AC51-C0BB73BF5DAA}.Debug|Any CPU.ActiveCfg = Debug|Any CPU
		{23AE99B2-B4E2-468B-AC51-C0BB73BF5DAA}.Debug|Any CPU.Build.0 = Debug|Any CPU
		{23AE99B2-B4E2-468B-AC51-C0BB73BF5DAA}.Release|Any CPU.ActiveCfg = Release|Any CPU
		{23AE99B2-B4E2-468B-AC51-C0BB73BF5DAA}.Release|Any CPU.Build.0 = Release|Any CPU
		{ADBDC74E-C95D-458F-8811-D81CC254A81F}.Debug|Any CPU.ActiveCfg = Debug|Any CPU
		{ADBDC74E-C95D-458F-8811-D81CC254A81F}.Debug|Any CPU.Build.0 = Debug|Any CPU
		{ADBDC74E-C95D-458F-8811-D81CC254A81F}.Release|Any CPU.ActiveCfg = Release|Any CPU
		{ADBDC74E-C95D-458F-8811-D81CC254A81F}.Release|Any CPU.Build.0 = Release|Any CPU
		{39AEA2AB-F485-477B-917B-676061B37E86}.Debug|Any CPU.ActiveCfg = Debug|Any CPU
		{39AEA2AB-F485-477B-917B-676061B37E86}.Debug|Any CPU.Build.0 = Debug|Any CPU
		{39AEA2AB-F485-477B-917B-676061B37E86}.Release|Any CPU.ActiveCfg = Release|Any CPU
		{39AEA2AB-F485-477B-917B-676061B37E86}.Release|Any CPU.Build.0 = Release|Any CPU
		{4966BC99-EEE3-46DE-9B37-36A6E2FA9EFB}.Debug|Any CPU.ActiveCfg = Debug|Any CPU
		{4966BC99-EEE3-46DE-9B37-36A6E2FA9EFB}.Debug|Any CPU.Build.0 = Debug|Any CPU
		{4966BC99-EEE3-46DE-9B37-36A6E2FA9EFB}.Release|Any CPU.ActiveCfg = Release|Any CPU
		{4966BC99-EEE3-46DE-9B37-36A6E2FA9EFB}.Release|Any CPU.Build.0 = Release|Any CPU
		{A73331E9-21B5-4EB8-8A61-281B0FA5C054}.Debug|Any CPU.ActiveCfg = Debug|Any CPU
		{A73331E9-21B5-4EB8-8A61-281B0FA5C054}.Debug|Any CPU.Build.0 = Debug|Any CPU
		{A73331E9-21B5-4EB8-8A61-281B0FA5C054}.Release|Any CPU.ActiveCfg = Release|Any CPU
		{A73331E9-21B5-4EB8-8A61-281B0FA5C054}.Release|Any CPU.Build.0 = Release|Any CPU
		{1C02A05D-8EED-449F-B241-AE4361DE05A9}.Debug|Any CPU.ActiveCfg = Debug|Any CPU
		{1C02A05D-8EED-449F-B241-AE4361DE05A9}.Debug|Any CPU.Build.0 = Debug|Any CPU
		{1C02A05D-8EED-449F-B241-AE4361DE05A9}.Release|Any CPU.ActiveCfg = Release|Any CPU
		{1C02A05D-8EED-449F-B241-AE4361DE05A9}.Release|Any CPU.Build.0 = Release|Any CPU
		{E25A3CBB-30C9-44A0-B71A-4ED1239398D6}.Debug|Any CPU.ActiveCfg = Debug|Any CPU
		{E25A3CBB-30C9-44A0-B71A-4ED1239398D6}.Debug|Any CPU.Build.0 = Debug|Any CPU
		{E25A3CBB-30C9-44A0-B71A-4ED1239398D6}.Release|Any CPU.ActiveCfg = Release|Any CPU
		{E25A3CBB-30C9-44A0-B71A-4ED1239398D6}.Release|Any CPU.Build.0 = Release|Any CPU
		{EA3ED87D-1F08-4EED-B8CB-8B5740FF566F}.Debug|Any CPU.ActiveCfg = Debug|Any CPU
		{EA3ED87D-1F08-4EED-B8CB-8B5740FF566F}.Debug|Any CPU.Build.0 = Debug|Any CPU
		{EA3ED87D-1F08-4EED-B8CB-8B5740FF566F}.Release|Any CPU.ActiveCfg = Release|Any CPU
		{EA3ED87D-1F08-4EED-B8CB-8B5740FF566F}.Release|Any CPU.Build.0 = Release|Any CPU
	EndGlobalSection
	GlobalSection(SolutionProperties) = preSolution
		HideSolutionNode = FALSE
	EndGlobalSection
EndGlobal
