
Microsoft Visual Studio Solution File, Format Version 12.00
# Visual Studio 14
VisualStudioVersion = 14.0.24720.0
MinimumVisualStudioVersion = 10.0.40219.1
Project("{FAE04EC0-301F-11D3-BF4B-00C04F79EFBC}") = "04. HelloCSharp", "04. HelloCSharp\04. HelloCSharp.csproj", "{66DA894A-5E70-4781-BD96-6A9DEDDC62F4}"
EndProject
Global
	GlobalSection(SolutionConfigurationPlatforms) = preSolution
		Debug|Any CPU = Debug|Any CPU
		Release|Any CPU = Release|Any CPU
	EndGlobalSection
	GlobalSection(ProjectConfigurationPlatforms) = postSolution
		{66DA894A-5E70-4781-BD96-6A9DEDDC62F4}.Debug|Any CPU.ActiveCfg = Debug|Any CPU
		{66DA894A-5E70-4781-BD96-6A9DEDDC62F4}.Debug|Any CPU.Build.0 = Debug|Any CPU
		{66DA894A-5E70-4781-BD96-6A9DEDDC62F4}.Release|Any CPU.ActiveCfg = Release|Any CPU
		{66DA894A-5E70-4781-BD96-6A9DEDDC62F4}.Release|Any CPU.Build.0 = Release|Any CPU
	EndGlobalSection
	GlobalSection(SolutionProperties) = preSolution
		HideSolutionNode = FALSE
	EndGlobalSection
EndGlobal
